
Microsoft Visual Studio Solution File, Format Version 12.00
# Visual Studio Version 17
VisualStudioVersion = 17.0.31912.275
MinimumVisualStudioVersion = 10.0.40219.1
Project("{9A19103F-16F7-4668-BE54-9A1E7A4F7556}") = "App", "App.csproj", "{8445D01F-398A-4483-B49F-2B08FAF55898}"
EndProject
Project("{9A19103F-16F7-4668-BE54-9A1E7A4F7556}") = "rpg.DAO", "..\rpg.DAO\rpg.DAO.csproj", "{76961343-A50A-44E7-9F17-1ED64A15750A}"
EndProject
Project("{9A19103F-16F7-4668-BE54-9A1E7A4F7556}") = "rpg.Auth", "..\rpg.Auth\rpg.Auth.csproj", "{E476731D-FDA8-49D4-88B2-3CA5CDDF6F01}"
EndProject
Project("{9A19103F-16F7-4668-BE54-9A1E7A4F7556}") = "rpg.System", "..\rpg.System\rpg.System.csproj", "{E9C5B328-6D2D-4879-BC31-5D92B6EDC331}"
EndProject
Project("{9A19103F-16F7-4668-BE54-9A1E7A4F7556}") = "rpg.CallOfCthulhu", "..\rpg.CallOfCthulhu\rpg.CallOfCthulhu.csproj", "{FF20F384-53F8-4CA4-A620-DEC22A8406E6}"
EndProject
Project("{9A19103F-16F7-4668-BE54-9A1E7A4F7556}") = "rpg.Campaign", "..\rpg.Campaign\rpg.Campaign.csproj", "{83FDE719-7FD4-4378-BEF8-317833355BF5}"
EndProject
Project("{9A19103F-16F7-4668-BE54-9A1E7A4F7556}") = "rpg.Common", "..\rpg.Common\rpg.Common.csproj", "{6B95EA95-FFD5-4C9F-9080-233A9910CA22}"
EndProject
Project("{FAE04EC0-301F-11D3-BF4B-00C04F79EFBC}") = "rpg.Game", "..\rpg.Game\rpg.Game.csproj", "{B5666C87-B526-4354-8BBD-14C54FA15F9F}"
EndProject
Global
	GlobalSection(SolutionConfigurationPlatforms) = preSolution
		Debug|Any CPU = Debug|Any CPU
		Release|Any CPU = Release|Any CPU
	EndGlobalSection
	GlobalSection(ProjectConfigurationPlatforms) = postSolution
		{8445D01F-398A-4483-B49F-2B08FAF55898}.Debug|Any CPU.ActiveCfg = Debug|Any CPU
		{8445D01F-398A-4483-B49F-2B08FAF55898}.Debug|Any CPU.Build.0 = Debug|Any CPU
		{8445D01F-398A-4483-B49F-2B08FAF55898}.Release|Any CPU.ActiveCfg = Release|Any CPU
		{8445D01F-398A-4483-B49F-2B08FAF55898}.Release|Any CPU.Build.0 = Release|Any CPU
		{76961343-A50A-44E7-9F17-1ED64A15750A}.Debug|Any CPU.ActiveCfg = Debug|Any CPU
		{76961343-A50A-44E7-9F17-1ED64A15750A}.Debug|Any CPU.Build.0 = Debug|Any CPU
		{76961343-A50A-44E7-9F17-1ED64A15750A}.Release|Any CPU.ActiveCfg = Release|Any CPU
		{76961343-A50A-44E7-9F17-1ED64A15750A}.Release|Any CPU.Build.0 = Release|Any CPU
		{E476731D-FDA8-49D4-88B2-3CA5CDDF6F01}.Debug|Any CPU.ActiveCfg = Debug|Any CPU
		{E476731D-FDA8-49D4-88B2-3CA5CDDF6F01}.Debug|Any CPU.Build.0 = Debug|Any CPU
		{E476731D-FDA8-49D4-88B2-3CA5CDDF6F01}.Release|Any CPU.ActiveCfg = Release|Any CPU
		{E476731D-FDA8-49D4-88B2-3CA5CDDF6F01}.Release|Any CPU.Build.0 = Release|Any CPU
		{E9C5B328-6D2D-4879-BC31-5D92B6EDC331}.Debug|Any CPU.ActiveCfg = Debug|Any CPU
		{E9C5B328-6D2D-4879-BC31-5D92B6EDC331}.Debug|Any CPU.Build.0 = Debug|Any CPU
		{E9C5B328-6D2D-4879-BC31-5D92B6EDC331}.Release|Any CPU.ActiveCfg = Release|Any CPU
		{E9C5B328-6D2D-4879-BC31-5D92B6EDC331}.Release|Any CPU.Build.0 = Release|Any CPU
		{FF20F384-53F8-4CA4-A620-DEC22A8406E6}.Debug|Any CPU.ActiveCfg = Debug|Any CPU
		{FF20F384-53F8-4CA4-A620-DEC22A8406E6}.Debug|Any CPU.Build.0 = Debug|Any CPU
		{FF20F384-53F8-4CA4-A620-DEC22A8406E6}.Release|Any CPU.ActiveCfg = Release|Any CPU
		{FF20F384-53F8-4CA4-A620-DEC22A8406E6}.Release|Any CPU.Build.0 = Release|Any CPU
		{83FDE719-7FD4-4378-BEF8-317833355BF5}.Debug|Any CPU.ActiveCfg = Debug|Any CPU
		{83FDE719-7FD4-4378-BEF8-317833355BF5}.Debug|Any CPU.Build.0 = Debug|Any CPU
		{83FDE719-7FD4-4378-BEF8-317833355BF5}.Release|Any CPU.ActiveCfg = Release|Any CPU
		{83FDE719-7FD4-4378-BEF8-317833355BF5}.Release|Any CPU.Build.0 = Release|Any CPU
		{6B95EA95-FFD5-4C9F-9080-233A9910CA22}.Debug|Any CPU.ActiveCfg = Debug|Any CPU
		{6B95EA95-FFD5-4C9F-9080-233A9910CA22}.Debug|Any CPU.Build.0 = Debug|Any CPU
		{6B95EA95-FFD5-4C9F-9080-233A9910CA22}.Release|Any CPU.ActiveCfg = Release|Any CPU
		{6B95EA95-FFD5-4C9F-9080-233A9910CA22}.Release|Any CPU.Build.0 = Release|Any CPU
		{B5666C87-B526-4354-8BBD-14C54FA15F9F}.Debug|Any CPU.ActiveCfg = Debug|Any CPU
		{B5666C87-B526-4354-8BBD-14C54FA15F9F}.Debug|Any CPU.Build.0 = Debug|Any CPU
		{B5666C87-B526-4354-8BBD-14C54FA15F9F}.Release|Any CPU.ActiveCfg = Release|Any CPU
		{B5666C87-B526-4354-8BBD-14C54FA15F9F}.Release|Any CPU.Build.0 = Release|Any CPU
	EndGlobalSection
	GlobalSection(SolutionProperties) = preSolution
		HideSolutionNode = FALSE
	EndGlobalSection
	GlobalSection(ExtensibilityGlobals) = postSolution
		SolutionGuid = {D1333302-6422-4F48-9C64-9F5C7FD18475}
	EndGlobalSection
EndGlobal
